
Microsoft Visual Studio Solution File, Format Version 12.00
# Visual Studio 2012
Project("{FAE04EC0-301F-11D3-BF4B-00C04F79EFBC}") = "Logging_nLog", "Logging_nLog\Logging_nLog.csproj", "{0704569C-D7B4-46C0-95E0-73BF1642E9B7}"
EndProject
Global
	GlobalSection(SolutionConfigurationPlatforms) = preSolution
		Debug|Any CPU = Debug|Any CPU
		Release|Any CPU = Release|Any CPU
	EndGlobalSection
	GlobalSection(ProjectConfigurationPlatforms) = postSolution
		{0704569C-D7B4-46C0-95E0-73BF1642E9B7}.Debug|Any CPU.ActiveCfg = Debug|Any CPU
		{0704569C-D7B4-46C0-95E0-73BF1642E9B7}.Debug|Any CPU.Build.0 = Debug|Any CPU
		{0704569C-D7B4-46C0-95E0-73BF1642E9B7}.Release|Any CPU.ActiveCfg = Release|Any CPU
		{0704569C-D7B4-46C0-95E0-73BF1642E9B7}.Release|Any CPU.Build.0 = Release|Any CPU
	EndGlobalSection
	GlobalSection(SolutionProperties) = preSolution
		HideSolutionNode = FALSE
	EndGlobalSection
EndGlobal
